
Microsoft Visual Studio Solution File, Format Version 12.00
# Visual Studio 15
VisualStudioVersion = 15.0.26228.4
MinimumVisualStudioVersion = 10.0.40219.1
Project("{FAE04EC0-301F-11D3-BF4B-00C04F79EFBC}") = "SDL2-CS", "SDL2-CS\SDL2-CS.csproj", "{85480198-8711-4355-830E-72FD794AD3F6}"
EndProject
Project("{FAE04EC0-301F-11D3-BF4B-00C04F79EFBC}") = "SDL2-PCL", "SDL2-PCL\SDL2-PCL.csproj", "{394276C4-91A0-4C79-A627-2379C716FB18}"
EndProject
Project("{FAE04EC0-301F-11D3-BF4B-00C04F79EFBC}") = "SDL2-STD", "SDL2-STD\SDL2-STD.csproj", "{E3C4F40D-E205-4CF2-A032-9ECF8E6C7A85}"
EndProject
Project("{FAE04EC0-301F-11D3-BF4B-00C04F79EFBC}") = "SDL2-STD.TESTS", "SDL2-STD.TESTS\SDL2-STD.TESTS.csproj", "{23B122E0-58CE-4165-9205-00FA9D79629B}"
EndProject
Project("{FAE04EC0-301F-11D3-BF4B-00C04F79EFBC}") = "SDL2-STD-OBJ", "SDL2-STD-OBJ\SDL2-STD-OBJ.csproj", "{FB8DA817-736D-4350-834B-52AF8FFC8178}"
EndProject
Project("{FAE04EC0-301F-11D3-BF4B-00C04F79EFBC}") = "SDL2-STD-OBJ.TESTS", "SDL2-STD-OBJ.TESTS\SDL2-STD-OBJ.TESTS.csproj", "{EB829D7C-8CE3-472C-A83C-7B31656E4A54}"
EndProject
Global
	GlobalSection(SolutionConfigurationPlatforms) = preSolution
		Debug|Any CPU = Debug|Any CPU
		Debug|x64 = Debug|x64
		Debug|x86 = Debug|x86
		Release|Any CPU = Release|Any CPU
		Release|x64 = Release|x64
		Release|x86 = Release|x86
	EndGlobalSection
	GlobalSection(ProjectConfigurationPlatforms) = postSolution
		{85480198-8711-4355-830E-72FD794AD3F6}.Debug|Any CPU.ActiveCfg = Debug|Any CPU
		{85480198-8711-4355-830E-72FD794AD3F6}.Debug|Any CPU.Build.0 = Debug|Any CPU
		{85480198-8711-4355-830E-72FD794AD3F6}.Debug|x64.ActiveCfg = Debug|x64
		{85480198-8711-4355-830E-72FD794AD3F6}.Debug|x64.Build.0 = Debug|x64
		{85480198-8711-4355-830E-72FD794AD3F6}.Debug|x86.ActiveCfg = Debug|x86
		{85480198-8711-4355-830E-72FD794AD3F6}.Debug|x86.Build.0 = Debug|x86
		{85480198-8711-4355-830E-72FD794AD3F6}.Release|Any CPU.ActiveCfg = Release|Any CPU
		{85480198-8711-4355-830E-72FD794AD3F6}.Release|Any CPU.Build.0 = Release|Any CPU
		{85480198-8711-4355-830E-72FD794AD3F6}.Release|x64.ActiveCfg = Release|x64
		{85480198-8711-4355-830E-72FD794AD3F6}.Release|x64.Build.0 = Release|x64
		{85480198-8711-4355-830E-72FD794AD3F6}.Release|x86.ActiveCfg = Release|x86
		{85480198-8711-4355-830E-72FD794AD3F6}.Release|x86.Build.0 = Release|x86
		{394276C4-91A0-4C79-A627-2379C716FB18}.Debug|Any CPU.ActiveCfg = Debug|Any CPU
		{394276C4-91A0-4C79-A627-2379C716FB18}.Debug|Any CPU.Build.0 = Debug|Any CPU
		{394276C4-91A0-4C79-A627-2379C716FB18}.Debug|x64.ActiveCfg = Debug|Any CPU
		{394276C4-91A0-4C79-A627-2379C716FB18}.Debug|x64.Build.0 = Debug|Any CPU
		{394276C4-91A0-4C79-A627-2379C716FB18}.Debug|x86.ActiveCfg = Debug|Any CPU
		{394276C4-91A0-4C79-A627-2379C716FB18}.Debug|x86.Build.0 = Debug|Any CPU
		{394276C4-91A0-4C79-A627-2379C716FB18}.Release|Any CPU.ActiveCfg = Release|Any CPU
		{394276C4-91A0-4C79-A627-2379C716FB18}.Release|Any CPU.Build.0 = Release|Any CPU
		{394276C4-91A0-4C79-A627-2379C716FB18}.Release|x64.ActiveCfg = Release|Any CPU
		{394276C4-91A0-4C79-A627-2379C716FB18}.Release|x64.Build.0 = Release|Any CPU
		{394276C4-91A0-4C79-A627-2379C716FB18}.Release|x86.ActiveCfg = Release|Any CPU
		{394276C4-91A0-4C79-A627-2379C716FB18}.Release|x86.Build.0 = Release|Any CPU
		{E3C4F40D-E205-4CF2-A032-9ECF8E6C7A85}.Debug|Any CPU.ActiveCfg = Debug|Any CPU
		{E3C4F40D-E205-4CF2-A032-9ECF8E6C7A85}.Debug|Any CPU.Build.0 = Debug|Any CPU
		{E3C4F40D-E205-4CF2-A032-9ECF8E6C7A85}.Debug|x64.ActiveCfg = Debug|Any CPU
		{E3C4F40D-E205-4CF2-A032-9ECF8E6C7A85}.Debug|x64.Build.0 = Debug|Any CPU
		{E3C4F40D-E205-4CF2-A032-9ECF8E6C7A85}.Debug|x86.ActiveCfg = Debug|Any CPU
		{E3C4F40D-E205-4CF2-A032-9ECF8E6C7A85}.Debug|x86.Build.0 = Debug|Any CPU
		{E3C4F40D-E205-4CF2-A032-9ECF8E6C7A85}.Release|Any CPU.ActiveCfg = Release|Any CPU
		{E3C4F40D-E205-4CF2-A032-9ECF8E6C7A85}.Release|Any CPU.Build.0 = Release|Any CPU
		{E3C4F40D-E205-4CF2-A032-9ECF8E6C7A85}.Release|x64.ActiveCfg = Release|Any CPU
		{E3C4F40D-E205-4CF2-A032-9ECF8E6C7A85}.Release|x64.Build.0 = Release|Any CPU
		{E3C4F40D-E205-4CF2-A032-9ECF8E6C7A85}.Release|x86.ActiveCfg = Release|Any CPU
		{E3C4F40D-E205-4CF2-A032-9ECF8E6C7A85}.Release|x86.Build.0 = Release|Any CPU
		{23B122E0-58CE-4165-9205-00FA9D79629B}.Debug|Any CPU.ActiveCfg = Debug|Any CPU
		{23B122E0-58CE-4165-9205-00FA9D79629B}.Debug|Any CPU.Build.0 = Debug|Any CPU
		{23B122E0-58CE-4165-9205-00FA9D79629B}.Debug|x64.ActiveCfg = Debug|Any CPU
		{23B122E0-58CE-4165-9205-00FA9D79629B}.Debug|x64.Build.0 = Debug|Any CPU
		{23B122E0-58CE-4165-9205-00FA9D79629B}.Debug|x86.ActiveCfg = Debug|Any CPU
		{23B122E0-58CE-4165-9205-00FA9D79629B}.Debug|x86.Build.0 = Debug|Any CPU
		{23B122E0-58CE-4165-9205-00FA9D79629B}.Release|Any CPU.ActiveCfg = Release|Any CPU
		{23B122E0-58CE-4165-9205-00FA9D79629B}.Release|Any CPU.Build.0 = Release|Any CPU
		{23B122E0-58CE-4165-9205-00FA9D79629B}.Release|x64.ActiveCfg = Release|Any CPU
		{23B122E0-58CE-4165-9205-00FA9D79629B}.Release|x64.Build.0 = Release|Any CPU
		{23B122E0-58CE-4165-9205-00FA9D79629B}.Release|x86.ActiveCfg = Release|Any CPU
		{23B122E0-58CE-4165-9205-00FA9D79629B}.Release|x86.Build.0 = Release|Any CPU
		{FB8DA817-736D-4350-834B-52AF8FFC8178}.Debug|Any CPU.ActiveCfg = Debug|Any CPU
		{FB8DA817-736D-4350-834B-52AF8FFC8178}.Debug|Any CPU.Build.0 = Debug|Any CPU
		{FB8DA817-736D-4350-834B-52AF8FFC8178}.Debug|x64.ActiveCfg = Debug|Any CPU
		{FB8DA817-736D-4350-834B-52AF8FFC8178}.Debug|x64.Build.0 = Debug|Any CPU
		{FB8DA817-736D-4350-834B-52AF8FFC8178}.Debug|x86.ActiveCfg = Debug|Any CPU
		{FB8DA817-736D-4350-834B-52AF8FFC8178}.Debug|x86.Build.0 = Debug|Any CPU
		{FB8DA817-736D-4350-834B-52AF8FFC8178}.Release|Any CPU.ActiveCfg = Release|Any CPU
		{FB8DA817-736D-4350-834B-52AF8FFC8178}.Release|Any CPU.Build.0 = Release|Any CPU
		{FB8DA817-736D-4350-834B-52AF8FFC8178}.Release|x64.ActiveCfg = Release|Any CPU
		{FB8DA817-736D-4350-834B-52AF8FFC8178}.Release|x64.Build.0 = Release|Any CPU
		{FB8DA817-736D-4350-834B-52AF8FFC8178}.Release|x86.ActiveCfg = Release|Any CPU
		{FB8DA817-736D-4350-834B-52AF8FFC8178}.Release|x86.Build.0 = Release|Any CPU
		{EB829D7C-8CE3-472C-A83C-7B31656E4A54}.Debug|Any CPU.ActiveCfg = Debug|Any CPU
		{EB829D7C-8CE3-472C-A83C-7B31656E4A54}.Debug|Any CPU.Build.0 = Debug|Any CPU
		{EB829D7C-8CE3-472C-A83C-7B31656E4A54}.Debug|x64.ActiveCfg = Debug|Any CPU
		{EB829D7C-8CE3-472C-A83C-7B31656E4A54}.Debug|x64.Build.0 = Debug|Any CPU
		{EB829D7C-8CE3-472C-A83C-7B31656E4A54}.Debug|x86.ActiveCfg = Debug|Any CPU
		{EB829D7C-8CE3-472C-A83C-7B31656E4A54}.Debug|x86.Build.0 = Debug|Any CPU
		{EB829D7C-8CE3-472C-A83C-7B31656E4A54}.Release|Any CPU.ActiveCfg = Release|Any CPU
		{EB829D7C-8CE3-472C-A83C-7B31656E4A54}.Release|Any CPU.Build.0 = Release|Any CPU
		{EB829D7C-8CE3-472C-A83C-7B31656E4A54}.Release|x64.ActiveCfg = Release|Any CPU
		{EB829D7C-8CE3-472C-A83C-7B31656E4A54}.Release|x64.Build.0 = Release|Any CPU
		{EB829D7C-8CE3-472C-A83C-7B31656E4A54}.Release|x86.ActiveCfg = Release|Any CPU
		{EB829D7C-8CE3-472C-A83C-7B31656E4A54}.Release|x86.Build.0 = Release|Any CPU
	EndGlobalSection
	GlobalSection(SolutionProperties) = preSolution
		HideSolutionNode = FALSE
	EndGlobalSection
	GlobalSection(MonoDevelopProperties) = preSolution
		StartupItem = SDL2-CS.csproj
	EndGlobalSection
EndGlobal
